
Microsoft Visual Studio Solution File, Format Version 12.00
# Visual Studio Version 17
VisualStudioVersion = 17.2.32630.192
MinimumVisualStudioVersion = 10.0.40219.1
Project("{FAE04EC0-301F-11D3-BF4B-00C04F79EFBC}") = "Timerun", "Timerun\Timerun.csproj", "{A8019E5B-E275-4114-B40A-9ABDAE51EAF5}"
EndProject
Global
	GlobalSection(SolutionConfigurationPlatforms) = preSolution
		Debug|Any CPU = Debug|Any CPU
		Release|Any CPU = Release|Any CPU
	EndGlobalSection
	GlobalSection(ProjectConfigurationPlatforms) = postSolution
		{A8019E5B-E275-4114-B40A-9ABDAE51EAF5}.Debug|Any CPU.ActiveCfg = Debug|Any CPU
		{A8019E5B-E275-4114-B40A-9ABDAE51EAF5}.Debug|Any CPU.Build.0 = Debug|Any CPU
		{A8019E5B-E275-4114-B40A-9ABDAE51EAF5}.Release|Any CPU.ActiveCfg = Release|Any CPU
		{A8019E5B-E275-4114-B40A-9ABDAE51EAF5}.Release|Any CPU.Build.0 = Release|Any CPU
	EndGlobalSection
	GlobalSection(SolutionProperties) = preSolution
		HideSolutionNode = FALSE
	EndGlobalSection
	GlobalSection(ExtensibilityGlobals) = postSolution
		SolutionGuid = {1794533B-6541-4F18-AFC1-DFC146FA14BA}
	EndGlobalSection
EndGlobal
