
Microsoft Visual Studio Solution File, Format Version 12.00
# Visual Studio Version 17
VisualStudioVersion = 17.2.32630.192
MinimumVisualStudioVersion = 10.0.40219.1
Project("{FAE04EC0-301F-11D3-BF4B-00C04F79EFBC}") = "Firstproject", "Firstproject\Firstproject.csproj", "{0EFC41B0-66E1-48EF-8998-4351EBF08E89}"
EndProject
Global
	GlobalSection(SolutionConfigurationPlatforms) = preSolution
		Debug|Any CPU = Debug|Any CPU
		Release|Any CPU = Release|Any CPU
	EndGlobalSection
	GlobalSection(ProjectConfigurationPlatforms) = postSolution
		{0EFC41B0-66E1-48EF-8998-4351EBF08E89}.Debug|Any CPU.ActiveCfg = Debug|Any CPU
		{0EFC41B0-66E1-48EF-8998-4351EBF08E89}.Debug|Any CPU.Build.0 = Debug|Any CPU
		{0EFC41B0-66E1-48EF-8998-4351EBF08E89}.Release|Any CPU.ActiveCfg = Release|Any CPU
		{0EFC41B0-66E1-48EF-8998-4351EBF08E89}.Release|Any CPU.Build.0 = Release|Any CPU
	EndGlobalSection
	GlobalSection(SolutionProperties) = preSolution
		HideSolutionNode = FALSE
	EndGlobalSection
	GlobalSection(ExtensibilityGlobals) = postSolution
		SolutionGuid = {C746191D-FA51-4B58-A17B-8F009576AFA3}
	EndGlobalSection
EndGlobal
